
Microsoft Visual Studio Solution File, Format Version 12.00
# Visual Studio Version 17
VisualStudioVersion = 17.3.32819.101
MinimumVisualStudioVersion = 10.0.40219.1
Project("{FAE04EC0-301F-11D3-BF4B-00C04F79EFBC}") = "CitiesInfoWeb", "CitiesInfoWeb\CitiesInfoWeb.csproj", "{2CB0E595-C7C5-443B-861F-60218CA10F26}"
EndProject
Global
	GlobalSection(SolutionConfigurationPlatforms) = preSolution
		Debug|Any CPU = Debug|Any CPU
		Release|Any CPU = Release|Any CPU
	EndGlobalSection
	GlobalSection(ProjectConfigurationPlatforms) = postSolution
		{2CB0E595-C7C5-443B-861F-60218CA10F26}.Debug|Any CPU.ActiveCfg = Debug|Any CPU
		{2CB0E595-C7C5-443B-861F-60218CA10F26}.Debug|Any CPU.Build.0 = Debug|Any CPU
		{2CB0E595-C7C5-443B-861F-60218CA10F26}.Release|Any CPU.ActiveCfg = Release|Any CPU
		{2CB0E595-C7C5-443B-861F-60218CA10F26}.Release|Any CPU.Build.0 = Release|Any CPU
	EndGlobalSection
	GlobalSection(SolutionProperties) = preSolution
		HideSolutionNode = FALSE
	EndGlobalSection
	GlobalSection(ExtensibilityGlobals) = postSolution
		SolutionGuid = {73C13F3C-A2BA-4403-AE66-3C8C4BBDBBBC}
	EndGlobalSection
EndGlobal
